
Microsoft Visual Studio Solution File, Format Version 12.00
# Visual Studio Version 17
VisualStudioVersion = 17.9.34622.214
MinimumVisualStudioVersion = 10.0.40219.1
Project("{FAE04EC0-301F-11D3-BF4B-00C04F79EFBC}") = "BBService", "BBService\BBService.csproj", "{73B8D8E9-075C-4E37-9CD3-0C004FECBA1C}"
EndProject
Project("{E53339B2-1760-4266-BCC7-CA923CBCF16C}") = "docker-compose", "docker-compose.dcproj", "{9CFE74FB-D06D-4CED-B5F9-01235E9EE7EB}"
EndProject
Global
	GlobalSection(SolutionConfigurationPlatforms) = preSolution
		Debug|Any CPU = Debug|Any CPU
		Release|Any CPU = Release|Any CPU
	EndGlobalSection
	GlobalSection(ProjectConfigurationPlatforms) = postSolution
		{73B8D8E9-075C-4E37-9CD3-0C004FECBA1C}.Debug|Any CPU.ActiveCfg = Debug|Any CPU
		{73B8D8E9-075C-4E37-9CD3-0C004FECBA1C}.Debug|Any CPU.Build.0 = Debug|Any CPU
		{73B8D8E9-075C-4E37-9CD3-0C004FECBA1C}.Release|Any CPU.ActiveCfg = Release|Any CPU
		{73B8D8E9-075C-4E37-9CD3-0C004FECBA1C}.Release|Any CPU.Build.0 = Release|Any CPU
		{9CFE74FB-D06D-4CED-B5F9-01235E9EE7EB}.Debug|Any CPU.ActiveCfg = Debug|Any CPU
		{9CFE74FB-D06D-4CED-B5F9-01235E9EE7EB}.Debug|Any CPU.Build.0 = Debug|Any CPU
		{9CFE74FB-D06D-4CED-B5F9-01235E9EE7EB}.Release|Any CPU.ActiveCfg = Release|Any CPU
		{9CFE74FB-D06D-4CED-B5F9-01235E9EE7EB}.Release|Any CPU.Build.0 = Release|Any CPU
	EndGlobalSection
	GlobalSection(SolutionProperties) = preSolution
		HideSolutionNode = FALSE
	EndGlobalSection
	GlobalSection(ExtensibilityGlobals) = postSolution
		SolutionGuid = {D9FA3868-4855-4A87-A1AE-A285A1334BDB}
	EndGlobalSection
EndGlobal
